{
  "lockfileVersion": 1,
  "configVersion": 1,
  "workspaces": {
    "": {
      "name": "module-sdk-tools",
      "devDependencies": {
        "@biomejs/biome": "2.4.5",
        "@types/bun": "^1.3.10",
        "@types/node": "^20.0.0",
        "openapi-typescript-codegen": "^0.29.0",
      },
    },
  },
  "packages": {
    "@apidevtools/json-schema-ref-parser": ["@apidevtools/json-schema-ref-parser@11.9.3", "", { "dependencies": { "@jsdevtools/ono": "^7.1.3", "@types/json-schema": "^7.0.15", "js-yaml": "^4.1.0" } }, "sha512-60vepv88RwcJtSHrD6MjIL6Ta3SOYbgfnkHb+ppAVK+o9mXprRtulx7VlRl3lN3bbvysAfCS7WMVfhUYemB0IQ=="],

    "@biomejs/biome": ["@biomejs/biome@2.4.5", "", { "optionalDependencies": { "@biomejs/cli-darwin-arm64": "2.4.5", "@biomejs/cli-darwin-x64": "2.4.5", "@biomejs/cli-linux-arm64": "2.4.5", "@biomejs/cli-linux-arm64-musl": "2.4.5", "@biomejs/cli-linux-x64": "2.4.5", "@biomejs/cli-linux-x64-musl": "2.4.5", "@biomejs/cli-win32-arm64": "2.4.5", "@biomejs/cli-win32-x64": "2.4.5" }, "bin": { "biome": "bin/biome" } }, "sha512-OWNCyMS0Q011R6YifXNOg6qsOg64IVc7XX6SqGsrGszPbkVCoaO7Sr/lISFnXZ9hjQhDewwZ40789QmrG0GYgQ=="],

    "@biomejs/cli-darwin-arm64": ["@biomejs/cli-darwin-arm64@2.4.5", "", { "os": "darwin", "cpu": "arm64" }, "sha512-lGS4Nd5O3KQJ6TeWv10mElnx1phERhBxqGP/IKq0SvZl78kcWDFMaTtVK+w3v3lusRFxJY78n07PbKplirsU5g=="],

    "@biomejs/cli-darwin-x64": ["@biomejs/cli-darwin-x64@2.4.5", "", { "os": "darwin", "cpu": "x64" }, "sha512-6MoH4tyISIBNkZ2Q5T1R7dLd5BsITb2yhhhrU9jHZxnNSNMWl+s2Mxu7NBF8Y3a7JJcqq9nsk8i637z4gqkJxQ=="],

    "@biomejs/cli-linux-arm64": ["@biomejs/cli-linux-arm64@2.4.5", "", { "os": "linux", "cpu": "arm64" }, "sha512-U1GAG6FTjhAO04MyH4xn23wRNBkT6H7NentHh+8UxD6ShXKBm5SY4RedKJzkUThANxb9rUKIPc7B8ew9Xo/cWg=="],

    "@biomejs/cli-linux-arm64-musl": ["@biomejs/cli-linux-arm64-musl@2.4.5", "", { "os": "linux", "cpu": "arm64" }, "sha512-iqLDgpzobG7gpBF0fwEVS/LT8kmN7+S0E2YKFDtqliJfzNLnAiV2Nnyb+ehCDCJgAZBASkYHR2o60VQWikpqIg=="],

    "@biomejs/cli-linux-x64": ["@biomejs/cli-linux-x64@2.4.5", "", { "os": "linux", "cpu": "x64" }, "sha512-NdODlSugMzTlENPTa4z0xB82dTUlCpsrOxc43///aNkTLblIYH4XpYflBbf5ySlQuP8AA4AZd1qXhV07IdrHdQ=="],

    "@biomejs/cli-linux-x64-musl": ["@biomejs/cli-linux-x64-musl@2.4.5", "", { "os": "linux", "cpu": "x64" }, "sha512-NlKa7GpbQmNhZf9kakQeddqZyT7itN7jjWdakELeXyTU3pg/83fTysRRDPJD0akTfKDl6vZYNT9Zqn4MYZVBOA=="],

    "@biomejs/cli-win32-arm64": ["@biomejs/cli-win32-arm64@2.4.5", "", { "os": "win32", "cpu": "arm64" }, "sha512-EBfrTqRIWOFSd7CQb/0ttjHMR88zm3hGravnDwUA9wHAaCAYsULKDebWcN5RmrEo1KBtl/gDVJMrFjNR0pdGUw=="],

    "@biomejs/cli-win32-x64": ["@biomejs/cli-win32-x64@2.4.5", "", { "os": "win32", "cpu": "x64" }, "sha512-Pmhv9zT95YzECfjEHNl3mN9Vhusw9VA5KHY0ZvlGsxsjwS5cb7vpRnHzJIv0vG7jB0JI7xEaMH9ddfZm/RozBw=="],

    "@jsdevtools/ono": ["@jsdevtools/ono@7.1.3", "", {}, "sha512-4JQNk+3mVzK3xh2rqd6RB4J46qUR19azEHBneZyTZM+c456qOrbbM/5xcR8huNCCcbVt7+UmizG6GuUvPvKUYg=="],

    "@types/bun": ["@types/bun@1.3.10", "", { "dependencies": { "bun-types": "1.3.10" } }, "sha512-0+rlrUrOrTSskibryHbvQkDOWRJwJZqZlxrUs1u4oOoTln8+WIXBPmAuCF35SWB2z4Zl3E84Nl/D0P7803nigQ=="],

    "@types/json-schema": ["@types/json-schema@7.0.15", "", {}, "sha512-5+fP8P8MFNC+AyZCDxrB2pkZFPGzqQWUzpSeuuVLvm8VMcorNYavBqoFcxK8bQz4Qsbn4oUEEem4wDLfcysGHA=="],

    "@types/node": ["@types/node@20.19.37", "", { "dependencies": { "undici-types": "~6.21.0" } }, "sha512-8kzdPJ3FsNsVIurqBs7oodNnCEVbni9yUEkaHbgptDACOPW04jimGagZ51E6+lXUwJjgnBw+hyko/lkFWCldqw=="],

    "argparse": ["argparse@2.0.1", "", {}, "sha512-8+9WqebbFzpX9OR+Wa6O29asIogeRMzcGtAINdpMHHyAg10f05aSFVBbcEqGf/PXw1EjAZ+q2/bEBg3DvurK3Q=="],

    "bun-types": ["bun-types@1.3.10", "", { "dependencies": { "@types/node": "*" } }, "sha512-tcpfCCl6XWo6nCVnpcVrxQ+9AYN1iqMIzgrSKYMB/fjLtV2eyAVEg7AxQJuCq/26R6HpKWykQXuSOq/21RYcbg=="],

    "camelcase": ["camelcase@6.3.0", "", {}, "sha512-Gmy6FhYlCY7uOElZUSbxo2UCDH8owEk996gkbrpsgGtrJLM3J7jGxl9Ic7Qwwj4ivOE5AWZWRMecDdF7hqGjFA=="],

    "commander": ["commander@12.1.0", "", {}, "sha512-Vw8qHK3bZM9y/P10u3Vib8o/DdkvA2OtPtZvD871QKjy74Wj1WSKFILMPRPSdUSx5RFK1arlJzEtA4PkFgnbuA=="],

    "fs-extra": ["fs-extra@11.3.4", "", { "dependencies": { "graceful-fs": "^4.2.0", "jsonfile": "^6.0.1", "universalify": "^2.0.0" } }, "sha512-CTXd6rk/M3/ULNQj8FBqBWHYBVYybQ3VPBw0xGKFe3tuH7ytT6ACnvzpIQ3UZtB8yvUKC2cXn1a+x+5EVQLovA=="],

    "graceful-fs": ["graceful-fs@4.2.11", "", {}, "sha512-RbJ5/jmFcNNCcDV5o9eTnBLJ/HszWV0P73bc+Ff4nS/rJj+YaS6IGyiOL0VoBYX+l1Wrl3k63h/KrH+nhJ0XvQ=="],

    "handlebars": ["handlebars@4.7.8", "", { "dependencies": { "minimist": "^1.2.5", "neo-async": "^2.6.2", "source-map": "^0.6.1", "wordwrap": "^1.0.0" }, "optionalDependencies": { "uglify-js": "^3.1.4" }, "bin": { "handlebars": "bin/handlebars" } }, "sha512-vafaFqs8MZkRrSX7sFVUdo3ap/eNiLnb4IakshzvP56X5Nr1iGKAIqdX6tMlm6HcNRIkr6AxO5jFEoJzzpT8aQ=="],

    "js-yaml": ["js-yaml@4.1.1", "", { "dependencies": { "argparse": "^2.0.1" }, "bin": { "js-yaml": "bin/js-yaml.js" } }, "sha512-qQKT4zQxXl8lLwBtHMWwaTcGfFOZviOJet3Oy/xmGk2gZH677CJM9EvtfdSkgWcATZhj/55JZ0rmy3myCT5lsA=="],

    "jsonfile": ["jsonfile@6.2.0", "", { "dependencies": { "universalify": "^2.0.0" }, "optionalDependencies": { "graceful-fs": "^4.1.6" } }, "sha512-FGuPw30AdOIUTRMC2OMRtQV+jkVj2cfPqSeWXv1NEAJ1qZ5zb1X6z1mFhbfOB/iy3ssJCD+3KuZ8r8C3uVFlAg=="],

    "minimist": ["minimist@1.2.8", "", {}, "sha512-2yyAR8qBkN3YuheJanUpWC5U3bb5osDywNB8RzDVlDwDHbocAJveqqj1u8+SVD7jkWT4yvsHCpWqqWqAxb0zCA=="],

    "neo-async": ["neo-async@2.6.2", "", {}, "sha512-Yd3UES5mWCSqR+qNT93S3UoYUkqAZ9lLg8a7g9rimsWmYGK8cVToA4/sF3RrshdyV3sAGMXVUmpMYOw+dLpOuw=="],

    "openapi-typescript-codegen": ["openapi-typescript-codegen@0.29.0", "", { "dependencies": { "@apidevtools/json-schema-ref-parser": "^11.5.4", "camelcase": "^6.3.0", "commander": "^12.0.0", "fs-extra": "^11.2.0", "handlebars": "^4.7.8" }, "bin": { "openapi": "bin/index.js" } }, "sha512-/wC42PkD0LGjDTEULa/XiWQbv4E9NwLjwLjsaJ/62yOsoYhwvmBR31kPttn1DzQ2OlGe5stACcF/EIkZk43M6w=="],

    "source-map": ["source-map@0.6.1", "", {}, "sha512-UjgapumWlbMhkBgzT7Ykc5YXUT46F0iKu8SGXq0bcwP5dz/h0Plj6enJqjz1Zbq2l5WaqYnrVbwWOWMyF3F47g=="],

    "uglify-js": ["uglify-js@3.19.3", "", { "bin": { "uglifyjs": "bin/uglifyjs" } }, "sha512-v3Xu+yuwBXisp6QYTcH4UbH+xYJXqnq2m/LtQVWKWzYc1iehYnLixoQDN9FH6/j9/oybfd6W9Ghwkl8+UMKTKQ=="],

    "undici-types": ["undici-types@6.21.0", "", {}, "sha512-iwDZqg0QAGrg9Rav5H4n0M64c3mkR59cJ6wQp+7C4nI0gsmExaedaYLNO44eT4AtBBwjbTiGPMlt2Md0T9H9JQ=="],

    "universalify": ["universalify@2.0.1", "", {}, "sha512-gptHNQghINnc/vTGIk0SOFGFNXw7JVrlRUtConJRlvaw6DuX0wO5Jeko9sWrMBhh+PsYAZ7oXAiOnf/UKogyiw=="],

    "wordwrap": ["wordwrap@1.0.0", "", {}, "sha512-gvVzJFlPycKc5dZN4yPkP8w7Dc37BtP1yczEneOb4uq34pXZcvrtRTmWV8W+Ume+XCxKgbjM+nevkyFPMybd4Q=="],
  }
}
